
Microsoft Visual Studio Solution File, Format Version 12.00
# Visual Studio Version 16
VisualStudioVersion = 16.0.29215.179
MinimumVisualStudioVersion = 10.0.40219.1
Project("{FAE04EC0-301F-11D3-BF4B-00C04F79EFBC}") = "Práctica3", "Práctica3.csproj", "{3B39669A-EBFD-4E51-AB81-D43510EAA8AB}"
EndProject
Global
	GlobalSection(SolutionConfigurationPlatforms) = preSolution
		Debug|Any CPU = Debug|Any CPU
		Release|Any CPU = Release|Any CPU
	EndGlobalSection
	GlobalSection(ProjectConfigurationPlatforms) = postSolution
		{3B39669A-EBFD-4E51-AB81-D43510EAA8AB}.Debug|Any CPU.ActiveCfg = Debug|Any CPU
		{3B39669A-EBFD-4E51-AB81-D43510EAA8AB}.Debug|Any CPU.Build.0 = Debug|Any CPU
		{3B39669A-EBFD-4E51-AB81-D43510EAA8AB}.Release|Any CPU.ActiveCfg = Release|Any CPU
		{3B39669A-EBFD-4E51-AB81-D43510EAA8AB}.Release|Any CPU.Build.0 = Release|Any CPU
	EndGlobalSection
	GlobalSection(SolutionProperties) = preSolution
		HideSolutionNode = FALSE
	EndGlobalSection
	GlobalSection(ExtensibilityGlobals) = postSolution
		SolutionGuid = {4BF04F3A-176E-4FBC-B05E-11B47DC6B7FB}
	EndGlobalSection
EndGlobal
